
Microsoft Visual Studio Solution File, Format Version 12.00
# Visual Studio Version 16
VisualStudioVersion = 16.0.33927.289
MinimumVisualStudioVersion = 10.0.40219.1
Project("{2150E333-8FDC-42A3-9474-1A3956D46DE8}") = "Task0", "Task0", "{7603611A-6DA2-46F7-BE21-56F0F2C1B05E}"
EndProject
Project("{FAE04EC0-301F-11D3-BF4B-00C04F79EFBC}") = "Tyuiu.AshirbakievAR.Sprint2.Task0.V20", "Tyuiu.AshirbakievAR.Sprint2.Task0.V20\Tyuiu.AshirbakievAR.Sprint2.Task0.V20.csproj", "{7B932FF2-DA2F-43A8-AD72-7B4015480048}"
EndProject
Project("{FAE04EC0-301F-11D3-BF4B-00C04F79EFBC}") = "Tyuiu.AshirbakievAR.Sprint2.Task0.V20.Lib", "Tyuiu.AshirbakievAR.Sprint2.Task0.V20.Lib\Tyuiu.AshirbakievAR.Sprint2.Task0.V20.Lib.csproj", "{538746DB-5A74-4B6C-97EB-9F216E6EAA37}"
EndProject
Project("{FAE04EC0-301F-11D3-BF4B-00C04F79EFBC}") = "Tyuiu.AshirbakievAR.Sprint2.Task0.V20.Test", "Tyuiu.AshirbakievAR.Sprint2.Task0.V20.Test\Tyuiu.AshirbakievAR.Sprint2.Task0.V20.Test.csproj", "{1F4D69E8-2AEE-4071-ABE3-6EC387E4DF20}"
EndProject
Project("{2150E333-8FDC-42A3-9474-1A3956D46DE8}") = "Task1", "Task1", "{ABC82F1F-8634-4718-9697-5D3CB1AE3FCF}"
EndProject
Project("{FAE04EC0-301F-11D3-BF4B-00C04F79EFBC}") = "Tyuiu.AshirbakievAR.Sprint2.Task1.V28", "Tyuiu.AshirbakievAR.Sprint2.Task1.V28\Tyuiu.AshirbakievAR.Sprint2.Task1.V28.csproj", "{EBE93F5F-19EE-4BEE-8131-E10C37F2403C}"
EndProject
Project("{FAE04EC0-301F-11D3-BF4B-00C04F79EFBC}") = "Tyuiu.AshirbakievAR.Sprint2.Task1.V28.Lib", "Tyuiu.AshirbakievAR.Sprint2.Task1.V28.Lib\Tyuiu.AshirbakievAR.Sprint2.Task1.V28.Lib.csproj", "{52C318D1-1017-4E27-B129-26C57364A2C0}"
EndProject
Project("{FAE04EC0-301F-11D3-BF4B-00C04F79EFBC}") = "Tyuiu.AshirbakievAR.Sprint2.Task1.V28.Test", "Tyuiu.AshirbakievAR.Sprint2.Task1.V28.Test\Tyuiu.AshirbakievAR.Sprint2.Task1.V28.Test.csproj", "{03DB2171-6EC0-4B36-8933-2FED4D90B7A4}"
EndProject
Project("{2150E333-8FDC-42A3-9474-1A3956D46DE8}") = "Task2", "Task2", "{1336F2C3-0153-486B-9A48-2194D9976801}"
EndProject
Project("{FAE04EC0-301F-11D3-BF4B-00C04F79EFBC}") = "Tyuiu.AshirbakievAR.Sprint2.Task2.V10", "Tyuiu.AshirbakievAR.Sprint2.Task2.V10\Tyuiu.AshirbakievAR.Sprint2.Task2.V10.csproj", "{E4E801A1-C4C5-496B-8042-4678226ABF5D}"
EndProject
Project("{FAE04EC0-301F-11D3-BF4B-00C04F79EFBC}") = "Tyuiu.AshirbakievAR.Sprint2.Task2.V10.Lib", "Tyuiu.AshirbakievAR.Sprint2.Task2.V10.Lib\Tyuiu.AshirbakievAR.Sprint2.Task2.V10.Lib.csproj", "{7DB33DCE-FCA2-44F9-A2BF-6C932AD7EC59}"
EndProject
Project("{FAE04EC0-301F-11D3-BF4B-00C04F79EFBC}") = "Tyuiu.AshirbakievAR.Sprint2.Task2.V10.Test", "Tyuiu.AshirbakievAR.Sprint2.Task2.V10.Test\Tyuiu.AshirbakievAR.Sprint2.Task2.V10.Test.csproj", "{16D5CC4C-2F18-40A6-A1CA-A9AAEBA53670}"
EndProject
Project("{2150E333-8FDC-42A3-9474-1A3956D46DE8}") = "Task3", "Task3", "{A42A0E0F-FCDD-4A82-A289-28DC4AAB8F1C}"
EndProject
Project("{FAE04EC0-301F-11D3-BF4B-00C04F79EFBC}") = "Tyuiu.AshirbakievAR.Sprint2.Task3.V21", "Tyuiu.AshirbakievAR.Sprint2.Task3.V21\Tyuiu.AshirbakievAR.Sprint2.Task3.V21.csproj", "{46522351-C9CE-4E4F-ABE8-C10DE1FF9900}"
EndProject
Project("{FAE04EC0-301F-11D3-BF4B-00C04F79EFBC}") = "Tyuiu.AshirbakievAR.Sprint2.Task3.V21.Lib", "Tyuiu.AshirbakievAR.Sprint2.Task3.V21.Lib\Tyuiu.AshirbakievAR.Sprint2.Task3.V21.Lib.csproj", "{4FBB1946-12C4-4D68-839F-764495266119}"
EndProject
Project("{FAE04EC0-301F-11D3-BF4B-00C04F79EFBC}") = "Tyuiu.AshirbakievAR.Sprint2.Task3.V21.Test", "Tyuiu.AshirbakievAR.Sprint2.Task3.V21.Test\Tyuiu.AshirbakievAR.Sprint2.Task3.V21.Test.csproj", "{01689864-E53C-46E0-8155-15953206EB9C}"
EndProject
Project("{2150E333-8FDC-42A3-9474-1A3956D46DE8}") = "Task4", "Task4", "{E9FF2F67-68BB-4D3B-AF09-96BC4DAC4B8E}"
EndProject
Project("{FAE04EC0-301F-11D3-BF4B-00C04F79EFBC}") = "Tyuiu.AshirbakievAR.Sprint2.Task4.V20", "Tyuiu.AshirbakievAR.Sprint2.Task4.V20\Tyuiu.AshirbakievAR.Sprint2.Task4.V20.csproj", "{B98C843B-245C-48EB-B0A1-6068B045E1DD}"
EndProject
Project("{FAE04EC0-301F-11D3-BF4B-00C04F79EFBC}") = "Tyuiu.AshirbakievAR.Sprint2.Task4.V20.Lib", "Tyuiu.AshirbakievAR.Sprint2.Task4.V20.Lib\Tyuiu.AshirbakievAR.Sprint2.Task4.V20.Lib.csproj", "{27AA7BAF-2EAD-42FB-B0D1-14774CE2E494}"
EndProject
Project("{FAE04EC0-301F-11D3-BF4B-00C04F79EFBC}") = "Tyuiu.AshirbakievAR.Sprint2.Task4.V20.Test", "Tyuiu.AshirbakievAR.Sprint2.Task4.V20.Test\Tyuiu.AshirbakievAR.Sprint2.Task4.V20.Test.csproj", "{FDFFDA04-993F-4A10-B577-380D4B1DD9EE}"
EndProject
Project("{2150E333-8FDC-42A3-9474-1A3956D46DE8}") = "Task5", "Task5", "{DC1CA55A-2598-4AF3-83C2-157B3572BDC1}"
EndProject
Project("{FAE04EC0-301F-11D3-BF4B-00C04F79EFBC}") = "Tyuiu.AshirbakievAR.Sprint2.Task5.V13", "Tyuiu.AshirbakievAR.Sprint2.Task5.V13\Tyuiu.AshirbakievAR.Sprint2.Task5.V13.csproj", "{678D6937-BFAC-4360-9F26-E03D116B4F2D}"
EndProject
Project("{FAE04EC0-301F-11D3-BF4B-00C04F79EFBC}") = "Tyuiu.AshirbakievAR.Sprint2.Task5.V13.Lib", "Tyuiu.AshirbakievAR.Sprint2.Task5.V13.Lib\Tyuiu.AshirbakievAR.Sprint2.Task5.V13.Lib.csproj", "{358F3D4D-0E4F-4A0E-803F-7A86EF14D604}"
EndProject
Project("{FAE04EC0-301F-11D3-BF4B-00C04F79EFBC}") = "Tyuiu.AshirbakievAR.Sprint2.Task5.V13.Test", "Tyuiu.AshirbakievAR.Sprint2.Task5.V13.Test\Tyuiu.AshirbakievAR.Sprint2.Task5.V13.Test.csproj", "{575C2AD1-D4EA-43D7-811F-FA046ABF32F6}"
EndProject
Global
	GlobalSection(SolutionConfigurationPlatforms) = preSolution
		Debug|Any CPU = Debug|Any CPU
		Release|Any CPU = Release|Any CPU
	EndGlobalSection
	GlobalSection(ProjectConfigurationPlatforms) = postSolution
		{7B932FF2-DA2F-43A8-AD72-7B4015480048}.Debug|Any CPU.ActiveCfg = Debug|Any CPU
		{7B932FF2-DA2F-43A8-AD72-7B4015480048}.Debug|Any CPU.Build.0 = Debug|Any CPU
		{7B932FF2-DA2F-43A8-AD72-7B4015480048}.Release|Any CPU.ActiveCfg = Release|Any CPU
		{7B932FF2-DA2F-43A8-AD72-7B4015480048}.Release|Any CPU.Build.0 = Release|Any CPU
		{538746DB-5A74-4B6C-97EB-9F216E6EAA37}.Debug|Any CPU.ActiveCfg = Debug|Any CPU
		{538746DB-5A74-4B6C-97EB-9F216E6EAA37}.Debug|Any CPU.Build.0 = Debug|Any CPU
		{538746DB-5A74-4B6C-97EB-9F216E6EAA37}.Release|Any CPU.ActiveCfg = Release|Any CPU
		{538746DB-5A74-4B6C-97EB-9F216E6EAA37}.Release|Any CPU.Build.0 = Release|Any CPU
		{1F4D69E8-2AEE-4071-ABE3-6EC387E4DF20}.Debug|Any CPU.ActiveCfg = Debug|Any CPU
		{1F4D69E8-2AEE-4071-ABE3-6EC387E4DF20}.Debug|Any CPU.Build.0 = Debug|Any CPU
		{1F4D69E8-2AEE-4071-ABE3-6EC387E4DF20}.Release|Any CPU.ActiveCfg = Release|Any CPU
		{1F4D69E8-2AEE-4071-ABE3-6EC387E4DF20}.Release|Any CPU.Build.0 = Release|Any CPU
		{EBE93F5F-19EE-4BEE-8131-E10C37F2403C}.Debug|Any CPU.ActiveCfg = Debug|Any CPU
		{EBE93F5F-19EE-4BEE-8131-E10C37F2403C}.Debug|Any CPU.Build.0 = Debug|Any CPU
		{EBE93F5F-19EE-4BEE-8131-E10C37F2403C}.Release|Any CPU.ActiveCfg = Release|Any CPU
		{EBE93F5F-19EE-4BEE-8131-E10C37F2403C}.Release|Any CPU.Build.0 = Release|Any CPU
		{52C318D1-1017-4E27-B129-26C57364A2C0}.Debug|Any CPU.ActiveCfg = Debug|Any CPU
		{52C318D1-1017-4E27-B129-26C57364A2C0}.Debug|Any CPU.Build.0 = Debug|Any CPU
		{52C318D1-1017-4E27-B129-26C57364A2C0}.Release|Any CPU.ActiveCfg = Release|Any CPU
		{52C318D1-1017-4E27-B129-26C57364A2C0}.Release|Any CPU.Build.0 = Release|Any CPU
		{03DB2171-6EC0-4B36-8933-2FED4D90B7A4}.Debug|Any CPU.ActiveCfg = Debug|Any CPU
		{03DB2171-6EC0-4B36-8933-2FED4D90B7A4}.Debug|Any CPU.Build.0 = Debug|Any CPU
		{03DB2171-6EC0-4B36-8933-2FED4D90B7A4}.Release|Any CPU.ActiveCfg = Release|Any CPU
		{03DB2171-6EC0-4B36-8933-2FED4D90B7A4}.Release|Any CPU.Build.0 = Release|Any CPU
		{E4E801A1-C4C5-496B-8042-4678226ABF5D}.Debug|Any CPU.ActiveCfg = Debug|Any CPU
		{E4E801A1-C4C5-496B-8042-4678226ABF5D}.Debug|Any CPU.Build.0 = Debug|Any CPU
		{E4E801A1-C4C5-496B-8042-4678226ABF5D}.Release|Any CPU.ActiveCfg = Release|Any CPU
		{E4E801A1-C4C5-496B-8042-4678226ABF5D}.Release|Any CPU.Build.0 = Release|Any CPU
		{7DB33DCE-FCA2-44F9-A2BF-6C932AD7EC59}.Debug|Any CPU.ActiveCfg = Debug|Any CPU
		{7DB33DCE-FCA2-44F9-A2BF-6C932AD7EC59}.Debug|Any CPU.Build.0 = Debug|Any CPU
		{7DB33DCE-FCA2-44F9-A2BF-6C932AD7EC59}.Release|Any CPU.ActiveCfg = Release|Any CPU
		{7DB33DCE-FCA2-44F9-A2BF-6C932AD7EC59}.Release|Any CPU.Build.0 = Release|Any CPU
		{16D5CC4C-2F18-40A6-A1CA-A9AAEBA53670}.Debug|Any CPU.ActiveCfg = Debug|Any CPU
		{16D5CC4C-2F18-40A6-A1CA-A9AAEBA53670}.Debug|Any CPU.Build.0 = Debug|Any CPU
		{16D5CC4C-2F18-40A6-A1CA-A9AAEBA53670}.Release|Any CPU.ActiveCfg = Release|Any CPU
		{16D5CC4C-2F18-40A6-A1CA-A9AAEBA53670}.Release|Any CPU.Build.0 = Release|Any CPU
		{46522351-C9CE-4E4F-ABE8-C10DE1FF9900}.Debug|Any CPU.ActiveCfg = Debug|Any CPU
		{46522351-C9CE-4E4F-ABE8-C10DE1FF9900}.Debug|Any CPU.Build.0 = Debug|Any CPU
		{46522351-C9CE-4E4F-ABE8-C10DE1FF9900}.Release|Any CPU.ActiveCfg = Release|Any CPU
		{46522351-C9CE-4E4F-ABE8-C10DE1FF9900}.Release|Any CPU.Build.0 = Release|Any CPU
		{4FBB1946-12C4-4D68-839F-764495266119}.Debug|Any CPU.ActiveCfg = Debug|Any CPU
		{4FBB1946-12C4-4D68-839F-764495266119}.Debug|Any CPU.Build.0 = Debug|Any CPU
		{4FBB1946-12C4-4D68-839F-764495266119}.Release|Any CPU.ActiveCfg = Release|Any CPU
		{4FBB1946-12C4-4D68-839F-764495266119}.Release|Any CPU.Build.0 = Release|Any CPU
		{01689864-E53C-46E0-8155-15953206EB9C}.Debug|Any CPU.ActiveCfg = Debug|Any CPU
		{01689864-E53C-46E0-8155-15953206EB9C}.Debug|Any CPU.Build.0 = Debug|Any CPU
		{01689864-E53C-46E0-8155-15953206EB9C}.Release|Any CPU.ActiveCfg = Release|Any CPU
		{01689864-E53C-46E0-8155-15953206EB9C}.Release|Any CPU.Build.0 = Release|Any CPU
		{B98C843B-245C-48EB-B0A1-6068B045E1DD}.Debug|Any CPU.ActiveCfg = Debug|Any CPU
		{B98C843B-245C-48EB-B0A1-6068B045E1DD}.Debug|Any CPU.Build.0 = Debug|Any CPU
		{B98C843B-245C-48EB-B0A1-6068B045E1DD}.Release|Any CPU.ActiveCfg = Release|Any CPU
		{B98C843B-245C-48EB-B0A1-6068B045E1DD}.Release|Any CPU.Build.0 = Release|Any CPU
		{27AA7BAF-2EAD-42FB-B0D1-14774CE2E494}.Debug|Any CPU.ActiveCfg = Debug|Any CPU
		{27AA7BAF-2EAD-42FB-B0D1-14774CE2E494}.Debug|Any CPU.Build.0 = Debug|Any CPU
		{27AA7BAF-2EAD-42FB-B0D1-14774CE2E494}.Release|Any CPU.ActiveCfg = Release|Any CPU
		{27AA7BAF-2EAD-42FB-B0D1-14774CE2E494}.Release|Any CPU.Build.0 = Release|Any CPU
		{FDFFDA04-993F-4A10-B577-380D4B1DD9EE}.Debug|Any CPU.ActiveCfg = Debug|Any CPU
		{FDFFDA04-993F-4A10-B577-380D4B1DD9EE}.Debug|Any CPU.Build.0 = Debug|Any CPU
		{FDFFDA04-993F-4A10-B577-380D4B1DD9EE}.Release|Any CPU.ActiveCfg = Release|Any CPU
		{FDFFDA04-993F-4A10-B577-380D4B1DD9EE}.Release|Any CPU.Build.0 = Release|Any CPU
		{678D6937-BFAC-4360-9F26-E03D116B4F2D}.Debug|Any CPU.ActiveCfg = Debug|Any CPU
		{678D6937-BFAC-4360-9F26-E03D116B4F2D}.Debug|Any CPU.Build.0 = Debug|Any CPU
		{678D6937-BFAC-4360-9F26-E03D116B4F2D}.Release|Any CPU.ActiveCfg = Release|Any CPU
		{678D6937-BFAC-4360-9F26-E03D116B4F2D}.Release|Any CPU.Build.0 = Release|Any CPU
		{358F3D4D-0E4F-4A0E-803F-7A86EF14D604}.Debug|Any CPU.ActiveCfg = Debug|Any CPU
		{358F3D4D-0E4F-4A0E-803F-7A86EF14D604}.Debug|Any CPU.Build.0 = Debug|Any CPU
		{358F3D4D-0E4F-4A0E-803F-7A86EF14D604}.Release|Any CPU.ActiveCfg = Release|Any CPU
		{358F3D4D-0E4F-4A0E-803F-7A86EF14D604}.Release|Any CPU.Build.0 = Release|Any CPU
		{575C2AD1-D4EA-43D7-811F-FA046ABF32F6}.Debug|Any CPU.ActiveCfg = Debug|Any CPU
		{575C2AD1-D4EA-43D7-811F-FA046ABF32F6}.Debug|Any CPU.Build.0 = Debug|Any CPU
		{575C2AD1-D4EA-43D7-811F-FA046ABF32F6}.Release|Any CPU.ActiveCfg = Release|Any CPU
		{575C2AD1-D4EA-43D7-811F-FA046ABF32F6}.Release|Any CPU.Build.0 = Release|Any CPU
	EndGlobalSection
	GlobalSection(SolutionProperties) = preSolution
		HideSolutionNode = FALSE
	EndGlobalSection
	GlobalSection(NestedProjects) = preSolution
		{7B932FF2-DA2F-43A8-AD72-7B4015480048} = {7603611A-6DA2-46F7-BE21-56F0F2C1B05E}
		{538746DB-5A74-4B6C-97EB-9F216E6EAA37} = {7603611A-6DA2-46F7-BE21-56F0F2C1B05E}
		{1F4D69E8-2AEE-4071-ABE3-6EC387E4DF20} = {7603611A-6DA2-46F7-BE21-56F0F2C1B05E}
		{EBE93F5F-19EE-4BEE-8131-E10C37F2403C} = {ABC82F1F-8634-4718-9697-5D3CB1AE3FCF}
		{52C318D1-1017-4E27-B129-26C57364A2C0} = {ABC82F1F-8634-4718-9697-5D3CB1AE3FCF}
		{03DB2171-6EC0-4B36-8933-2FED4D90B7A4} = {ABC82F1F-8634-4718-9697-5D3CB1AE3FCF}
		{E4E801A1-C4C5-496B-8042-4678226ABF5D} = {1336F2C3-0153-486B-9A48-2194D9976801}
		{7DB33DCE-FCA2-44F9-A2BF-6C932AD7EC59} = {1336F2C3-0153-486B-9A48-2194D9976801}
		{16D5CC4C-2F18-40A6-A1CA-A9AAEBA53670} = {1336F2C3-0153-486B-9A48-2194D9976801}
		{46522351-C9CE-4E4F-ABE8-C10DE1FF9900} = {A42A0E0F-FCDD-4A82-A289-28DC4AAB8F1C}
		{4FBB1946-12C4-4D68-839F-764495266119} = {A42A0E0F-FCDD-4A82-A289-28DC4AAB8F1C}
		{01689864-E53C-46E0-8155-15953206EB9C} = {A42A0E0F-FCDD-4A82-A289-28DC4AAB8F1C}
		{B98C843B-245C-48EB-B0A1-6068B045E1DD} = {E9FF2F67-68BB-4D3B-AF09-96BC4DAC4B8E}
		{27AA7BAF-2EAD-42FB-B0D1-14774CE2E494} = {E9FF2F67-68BB-4D3B-AF09-96BC4DAC4B8E}
		{FDFFDA04-993F-4A10-B577-380D4B1DD9EE} = {E9FF2F67-68BB-4D3B-AF09-96BC4DAC4B8E}
		{678D6937-BFAC-4360-9F26-E03D116B4F2D} = {DC1CA55A-2598-4AF3-83C2-157B3572BDC1}
		{358F3D4D-0E4F-4A0E-803F-7A86EF14D604} = {DC1CA55A-2598-4AF3-83C2-157B3572BDC1}
		{575C2AD1-D4EA-43D7-811F-FA046ABF32F6} = {DC1CA55A-2598-4AF3-83C2-157B3572BDC1}
	EndGlobalSection
	GlobalSection(ExtensibilityGlobals) = postSolution
		SolutionGuid = {06DBB67F-A59D-4127-A88A-652C9D69F7AC}
	EndGlobalSection
EndGlobal
